// !$*UTF8*$!
{
	archiveVersion = 1;
	classes = {
	};
	objectVersion = 50;
	objects = {

/* Begin PBXBuildFile section */
		28530DFE220617A40078DC0B /* AppDelegate.swift in Sources */ = {isa = PBXBuildFile; fileRef = 28530DFD220617A40078DC0B /* AppDelegate.swift */; };
		28530E00220617A40078DC0B /* ViewController.swift in Sources */ = {isa = PBXBuildFile; fileRef = 28530DFF220617A40078DC0B /* ViewController.swift */; };
		28530E03220617A40078DC0B /* Main.storyboard in Resources */ = {isa = PBXBuildFile; fileRef = 28530E01220617A40078DC0B /* Main.storyboard */; };
		28530E05220617A40078DC0B /* Assets.xcassets in Resources */ = {isa = PBXBuildFile; fileRef = 28530E04220617A40078DC0B /* Assets.xcassets */; };
		28530E08220617A40078DC0B /* LaunchScreen.storyboard in Resources */ = {isa = PBXBuildFile; fileRef = 28530E06220617A40078DC0B /* LaunchScreen.storyboard */; };
		28530E13220617A50078DC0B /* MoodePickerTests.swift in Sources */ = {isa = PBXBuildFile; fileRef = 28530E12220617A50078DC0B /* MoodePickerTests.swift */; };
		28530E1E220617C80078DC0B /* MoodPickerViewController.swift in Sources */ = {isa = PBXBuildFile; fileRef = 28530E1D220617C80078DC0B /* MoodPickerViewController.swift */; };
/* End PBXBuildFile section */

/* Begin PBXContainerItemProxy section */
		28530E0F220617A50078DC0B /* PBXContainerItemProxy */ = {
			isa = PBXContainerItemProxy;
			containerPortal = 28530DF2220617A40078DC0B /* Project object */;
			proxyType = 1;
			remoteGlobalIDString = 28530DF9220617A40078DC0B;
			remoteInfo = MoodePicker;
		};
/* End PBXContainerItemProxy section */

/* Begin PBXFileReference section */
		28530DFA220617A40078DC0B /* MoodPicker.app */ = {isa = PBXFileReference; explicitFileType = wrapper.application; includeInIndex = 0; path = MoodPicker.app; sourceTree = BUILT_PRODUCTS_DIR; };
		28530DFD220617A40078DC0B /* AppDelegate.swift */ = {isa = PBXFileReference; lastKnownFileType = sourcecode.swift; path = AppDelegate.swift; sourceTree = "<group>"; };
		28530DFF220617A40078DC0B /* ViewController.swift */ = {isa = PBXFileReference; lastKnownFileType = sourcecode.swift; path = ViewController.swift; sourceTree = "<group>"; };
		28530E02220617A40078DC0B /* Base */ = {isa = PBXFileReference; lastKnownFileType = file.storyboard; name = Base; path = Base.lproj/Main.storyboard; sourceTree = "<group>"; };
		28530E04220617A40078DC0B /* Assets.xcassets */ = {isa = PBXFileReference; lastKnownFileType = folder.assetcatalog; path = Assets.xcassets; sourceTree = "<group>"; };
		28530E07220617A40078DC0B /* Base */ = {isa = PBXFileReference; lastKnownFileType = file.storyboard; name = Base; path = Base.lproj/LaunchScreen.storyboard; sourceTree = "<group>"; };
		28530E09220617A40078DC0B /* Info.plist */ = {isa = PBXFileReference; lastKnownFileType = text.plist.xml; path = Info.plist; sourceTree = "<group>"; };
		28530E0E220617A50078DC0B /* MoodPickerTests.xctest */ = {isa = PBXFileReference; explicitFileType = wrapper.cfbundle; includeInIndex = 0; path = MoodPickerTests.xctest; sourceTree = BUILT_PRODUCTS_DIR; };
		28530E12220617A50078DC0B /* MoodePickerTests.swift */ = {isa = PBXFileReference; lastKnownFileType = sourcecode.swift; path = MoodePickerTests.swift; sourceTree = "<group>"; };
		28530E14220617A50078DC0B /* Info.plist */ = {isa = PBXFileReference; lastKnownFileType = text.plist.xml; path = Info.plist; sourceTree = "<group>"; };
		28530E1D220617C80078DC0B /* MoodPickerViewController.swift */ = {isa = PBXFileReference; lastKnownFileType = sourcecode.swift; path = MoodPickerViewController.swift; sourceTree = "<group>"; };
/* End PBXFileReference section */

/* Begin PBXFrameworksBuildPhase section */
		28530DF7220617A40078DC0B /* Frameworks */ = {
			isa = PBXFrameworksBuildPhase;
			buildActionMask = 2147483647;
			files = (
			);
			runOnlyForDeploymentPostprocessing = 0;
		};
		28530E0B220617A50078DC0B /* Frameworks */ = {
			isa = PBXFrameworksBuildPhase;
			buildActionMask = 2147483647;
			files = (
			);
			runOnlyForDeploymentPostprocessing = 0;
		};
/* End PBXFrameworksBuildPhase section */

/* Begin PBXGroup section */
		28530DF1220617A40078DC0B = {
			isa = PBXGroup;
			children = (
				28530DFC220617A40078DC0B /* MoodePicker */,
				28530E11220617A50078DC0B /* MoodePickerTests */,
				28530DFB220617A40078DC0B /* Products */,
			);
			sourceTree = "<group>";
		};
		28530DFB220617A40078DC0B /* Products */ = {
			isa = PBXGroup;
			children = (
				28530DFA220617A40078DC0B /* MoodPicker.app */,
				28530E0E220617A50078DC0B /* MoodPickerTests.xctest */,
			);
			name = Products;
			sourceTree = "<group>";
		};
		28530DFC220617A40078DC0B /* MoodePicker */ = {
			isa = PBXGroup;
			children = (
				28530DFD220617A40078DC0B /* AppDelegate.swift */,
				28530DFF220617A40078DC0B /* ViewController.swift */,
				28530E01220617A40078DC0B /* Main.storyboard */,
				28530E04220617A40078DC0B /* Assets.xcassets */,
				28530E06220617A40078DC0B /* LaunchScreen.storyboard */,
				28530E09220617A40078DC0B /* Info.plist */,
				28530E1D220617C80078DC0B /* MoodPickerViewController.swift */,
			);
			path = MoodePicker;
			sourceTree = "<group>";
		};
		28530E11220617A50078DC0B /* MoodePickerTests */ = {
			isa = PBXGroup;
			children = (
				28530E12220617A50078DC0B /* MoodePickerTests.swift */,
				28530E14220617A50078DC0B /* Info.plist */,
			);
			path = MoodePickerTests;
			sourceTree = "<group>";
		};
/* End PBXGroup section */

/* Begin PBXNativeTarget section */
		28530DF9220617A40078DC0B /* MoodPicker */ = {
			isa = PBXNativeTarget;
			buildConfigurationList = 28530E17220617A50078DC0B /* Build configuration list for PBXNativeTarget "MoodPicker" */;
			buildPhases = (
				28530DF6220617A40078DC0B /* Sources */,
				28530DF7220617A40078DC0B /* Frameworks */,
				28530DF8220617A40078DC0B /* Resources */,
			);
			buildRules = (
			);
			dependencies = (
			);
			name = MoodPicker;
			productName = MoodePicker;
			productReference = 28530DFA220617A40078DC0B /* MoodPicker.app */;
			productType = "com.apple.product-type.application";
		};
		28530E0D220617A50078DC0B /* MoodPickerTests */ = {
			isa = PBXNativeTarget;
			buildConfigurationList = 28530E1A220617A50078DC0B /* Build configuration list for PBXNativeTarget "MoodPickerTests" */;
			buildPhases = (
				28530E0A220617A50078DC0B /* Sources */,
				28530E0B220617A50078DC0B /* Frameworks */,
				28530E0C220617A50078DC0B /* Resources */,
			);
			buildRules = (
			);
			dependencies = (
				28530E10220617A50078DC0B /* PBXTargetDependency */,
			);
			name = MoodPickerTests;
			productName = MoodePickerTests;
			productReference = 28530E0E220617A50078DC0B /* MoodPickerTests.xctest */;
			productType = "com.apple.product-type.bundle.unit-test";
		};
/* End PBXNativeTarget section */

/* Begin PBXProject section */
		28530DF2220617A40078DC0B /* Project object */ = {
			isa = PBXProject;
			attributes = {
				LastSwiftUpdateCheck = 1000;
				LastUpgradeCheck = 1000;
				ORGANIZATIONNAME = "Ahmed Khalaf";
				TargetAttributes = {
					28530DF9220617A40078DC0B = {
						CreatedOnToolsVersion = 10.0;
					};
					28530E0D220617A50078DC0B = {
						CreatedOnToolsVersion = 10.0;
						TestTargetID = 28530DF9220617A40078DC0B;
					};
				};
			};
			buildConfigurationList = 28530DF5220617A40078DC0B /* Build configuration list for PBXProject "MoodPicker" */;
			compatibilityVersion = "Xcode 9.3";
			developmentRegion = en;
			hasScannedForEncodings = 0;
			knownRegions = (
				en,
				Base,
			);
			mainGroup = 28530DF1220617A40078DC0B;
			productRefGroup = 28530DFB220617A40078DC0B /* Products */;
			projectDirPath = "";
			projectRoot = "";
			targets = (
				28530DF9220617A40078DC0B /* MoodPicker */,
				28530E0D220617A50078DC0B /* MoodPickerTests */,
			);
		};
/* End PBXProject section */

/* Begin PBXResourcesBuildPhase section */
		28530DF8220617A40078DC0B /* Resources */ = {
			isa = PBXResourcesBuildPhase;
			buildActionMask = 2147483647;
			files = (
				28530E08220617A40078DC0B /* LaunchScreen.storyboard in Resources */,
				28530E05220617A40078DC0B /* Assets.xcassets in Resources */,
				28530E03220617A40078DC0B /* Main.storyboard in Resources */,
			);
			runOnlyForDeploymentPostprocessing = 0;
		};
		28530E0C220617A50078DC0B /* Resources */ = {
			isa = PBXResourcesBuildPhase;
			buildActionMask = 2147483647;
			files = (
			);
			runOnlyForDeploymentPostprocessing = 0;
		};
/* End PBXResourcesBuildPhase section */

/* Begin PBXSourcesBuildPhase section */
		28530DF6220617A40078DC0B /* Sources */ = {
			isa = PBXSourcesBuildPhase;
			buildActionMask = 2147483647;
			files = (
				28530E00220617A40078DC0B /* ViewController.swift in Sources */,
				28530E1E220617C80078DC0B /* MoodPickerViewController.swift in Sources */,
				28530DFE220617A40078DC0B /* AppDelegate.swift in Sources */,
			);
			runOnlyForDeploymentPostprocessing = 0;
		};
		28530E0A220617A50078DC0B /* Sources */ = {
			isa = PBXSourcesBuildPhase;
			buildActionMask = 2147483647;
			files = (
				28530E13220617A50078DC0B /* MoodePickerTests.swift in Sources */,
			);
			runOnlyForDeploymentPostprocessing = 0;
		};
/* End PBXSourcesBuildPhase section */

/* Begin PBXTargetDependency section */
		28530E10220617A50078DC0B /* PBXTargetDependency */ = {
			isa = PBXTargetDependency;
			target = 28530DF9220617A40078DC0B /* MoodPicker */;
			targetProxy = 28530E0F220617A50078DC0B /* PBXContainerItemProxy */;
		};
/* End PBXTargetDependency section */

/* Begin PBXVariantGroup section */
		28530E01220617A40078DC0B /* Main.storyboard */ = {
			isa = PBXVariantGroup;
			children = (
				28530E02220617A40078DC0B /* Base */,
			);
			name = Main.storyboard;
			sourceTree = "<group>";
		};
		28530E06220617A40078DC0B /* LaunchScreen.storyboard */ = {
			isa = PBXVariantGroup;
			children = (
				28530E07220617A40078DC0B /* Base */,
			);
			name = LaunchScreen.storyboard;
			sourceTree = "<group>";
		};
/* End PBXVariantGroup section */

/* Begin XCBuildConfiguration section */
		28530E15220617A50078DC0B /* Debug */ = {
			isa = XCBuildConfiguration;
			buildSettings = {
				ALWAYS_SEARCH_USER_PATHS = NO;
				CLANG_ANALYZER_NONNULL = YES;
				CLANG_ANALYZER_NUMBER_OBJECT_CONVERSION = YES_AGGRESSIVE;
				CLANG_CXX_LANGUAGE_STANDARD = "gnu++14";
				CLANG_CXX_LIBRARY = "libc++";
				CLANG_ENABLE_MODULES = YES;
				CLANG_ENABLE_OBJC_ARC = YES;
				CLANG_ENABLE_OBJC_WEAK = YES;
				CLANG_WARN_BLOCK_CAPTURE_AUTORELEASING = YES;
				CLANG_WARN_BOOL_CONVERSION = YES;
				CLANG_WARN_COMMA = YES;
				CLANG_WARN_CONSTANT_CONVERSION = YES;
				CLANG_WARN_DEPRECATED_OBJC_IMPLEMENTATIONS = YES;
				CLANG_WARN_DIRECT_OBJC_ISA_USAGE = YES_ERROR;
				CLANG_WARN_DOCUMENTATION_COMMENTS = YES;
				CLANG_WARN_EMPTY_BODY = YES;
				CLANG_WARN_ENUM_CONVERSION = YES;
				CLANG_WARN_INFINITE_RECURSION = YES;
				CLANG_WARN_INT_CONVERSION = YES;
				CLANG_WARN_NON_LITERAL_NULL_CONVERSION = YES;
				CLANG_WARN_OBJC_IMPLICIT_RETAIN_SELF = YES;
				CLANG_WARN_OBJC_LITERAL_CONVERSION = YES;
				CLANG_WARN_OBJC_ROOT_CLASS = YES_ERROR;
				CLANG_WARN_RANGE_LOOP_ANALYSIS = YES;
				CLANG_WARN_STRICT_PROTOTYPES = YES;
				CLANG_WARN_SUSPICIOUS_MOVE = YES;
				CLANG_WARN_UNGUARDED_AVAILABILITY = YES_AGGRESSIVE;
				CLANG_WARN_UNREACHABLE_CODE = YES;
				CLANG_WARN__DUPLICATE_METHOD_MATCH = YES;
				CODE_SIGN_IDENTITY = "iPhone Developer";
				COPY_PHASE_STRIP = NO;
				DEBUG_INFORMATION_FORMAT = dwarf;
				ENABLE_STRICT_OBJC_MSGSEND = YES;
				ENABLE_TESTABILITY = YES;
				GCC_C_LANGUAGE_STANDARD = gnu11;
				GCC_DYNAMIC_NO_PIC = NO;
				GCC_NO_COMMON_BLOCKS = YES;
				GCC_OPTIMIZATION_LEVEL = 0;
				GCC_PREPROCESSOR_DEFINITIONS = (
					"DEBUG=1",
					"$(inherited)",
				);
				GCC_WARN_64_TO_32_BIT_CONVERSION = YES;
				GCC_WARN_ABOUT_RETURN_TYPE = YES_ERROR;
				GCC_WARN_UNDECLARED_SELECTOR = YES;
				GCC_WARN_UNINITIALIZED_AUTOS = YES_AGGRESSIVE;
				GCC_WARN_UNUSED_FUNCTION = YES;
				GCC_WARN_UNUSED_VARIABLE = YES;
				IPHONEOS_DEPLOYMENT_TARGET = 12.0;
				MTL_ENABLE_DEBUG_INFO = INCLUDE_SOURCE;
				MTL_FAST_MATH = YES;
				ONLY_ACTIVE_ARCH = YES;
				SDKROOT = iphoneos;
				SWIFT_ACTIVE_COMPILATION_CONDITIONS = DEBUG;
				SWIFT_OPTIMIZATION_LEVEL = "-Onone";
			};
			name = Debug;
		};
		28530E16220617A50078DC0B /* Release */ = {
			isa = XCBuildConfiguration;
			buildSettings = {
				ALWAYS_SEARCH_USER_PATHS = NO;
				CLANG_ANALYZER_NONNULL = YES;
				CLANG_ANALYZER_NUMBER_OBJECT_CONVERSION = YES_AGGRESSIVE;
				CLANG_CXX_LANGUAGE_STANDARD = "gnu++14";
				CLANG_CXX_LIBRARY = "libc++";
				CLANG_ENABLE_MODULES = YES;
				CLANG_ENABLE_OBJC_ARC = YES;
				CLANG_ENABLE_OBJC_WEAK = YES;
				CLANG_WARN_BLOCK_CAPTURE_AUTORELEASING = YES;
				CLANG_WARN_BOOL_CONVERSION = YES;
				CLANG_WARN_COMMA = YES;
				CLANG_WARN_CONSTANT_CONVERSION = YES;
				CLANG_WARN_DEPRECATED_OBJC_IMPLEMENTATIONS = YES;
				CLANG_WARN_DIRECT_OBJC_ISA_USAGE = YES_ERROR;
				CLANG_WARN_DOCUMENTATION_COMMENTS = YES;
				CLANG_WARN_EMPTY_BODY = YES;
				CLANG_WARN_ENUM_CONVERSION = YES;
				CLANG_WARN_INFINITE_RECURSION = YES;
				CLANG_WARN_INT_CONVERSION = YES;
				CLANG_WARN_NON_LITERAL_NULL_CONVERSION = YES;
				CLANG_WARN_OBJC_IMPLICIT_RETAIN_SELF = YES;
				CLANG_WARN_OBJC_LITERAL_CONVERSION = YES;
				CLANG_WARN_OBJC_ROOT_CLASS = YES_ERROR;
				CLANG_WARN_RANGE_LOOP_ANALYSIS = YES;
				CLANG_WARN_STRICT_PROTOTYPES = YES;
				CLANG_WARN_SUSPICIOUS_MOVE = YES;
				CLANG_WARN_UNGUARDED_AVAILABILITY = YES_AGGRESSIVE;
				CLANG_WARN_UNREACHABLE_CODE = YES;
				CLANG_WARN__DUPLICATE_METHOD_MATCH = YES;
				CODE_SIGN_IDENTITY = "iPhone Developer";
				COPY_PHASE_STRIP = NO;
				DEBUG_INFORMATION_FORMAT = "dwarf-with-dsym";
				ENABLE_NS_ASSERTIONS = NO;
				ENABLE_STRICT_OBJC_MSGSEND = YES;
				GCC_C_LANGUAGE_STANDARD = gnu11;
				GCC_NO_COMMON_BLOCKS = YES;
				GCC_WARN_64_TO_32_BIT_CONVERSION = YES;
				GCC_WARN_ABOUT_RETURN_TYPE = YES_ERROR;
				GCC_WARN_UNDECLARED_SELECTOR = YES;
				GCC_WARN_UNINITIALIZED_AUTOS = YES_AGGRESSIVE;
				GCC_WARN_UNUSED_FUNCTION = YES;
				GCC_WARN_UNUSED_VARIABLE = YES;
				IPHONEOS_DEPLOYMENT_TARGET = 12.0;
				MTL_ENABLE_DEBUG_INFO = NO;
				MTL_FAST_MATH = YES;
				SDKROOT = iphoneos;
				SWIFT_COMPILATION_MODE = wholemodule;
				SWIFT_OPTIMIZATION_LEVEL = "-O";
				VALIDATE_PRODUCT = YES;
			};
			name = Release;
		};
		28530E18220617A50078DC0B /* Debug */ = {
			isa = XCBuildConfiguration;
			buildSettings = {
				ASSETCATALOG_COMPILER_APPICON_NAME = AppIcon;
				CODE_SIGN_STYLE = Automatic;
				DEVELOPMENT_TEAM = BCX3Z4NU85;
				INFOPLIST_FILE = MoodePicker/Info.plist;
				LD_RUNPATH_SEARCH_PATHS = (
					"$(inherited)",
					"@executable_path/Frameworks",
				);
				PRODUCT_BUNDLE_IDENTIFIER = AK.MoodePicker;
				PRODUCT_NAME = "$(TARGET_NAME)";
				SWIFT_VERSION = 4.2;
				TARGETED_DEVICE_FAMILY = "1,2";
			};
			name = Debug;
		};
		28530E19220617A50078DC0B /* Release */ = {
			isa = XCBuildConfiguration;
			buildSettings = {
				ASSETCATALOG_COMPILER_APPICON_NAME = AppIcon;
				CODE_SIGN_STYLE = Automatic;
				DEVELOPMENT_TEAM = BCX3Z4NU85;
				INFOPLIST_FILE = MoodePicker/Info.plist;
				LD_RUNPATH_SEARCH_PATHS = (
					"$(inherited)",
					"@executable_path/Frameworks",
				);
				PRODUCT_BUNDLE_IDENTIFIER = AK.MoodePicker;
				PRODUCT_NAME = "$(TARGET_NAME)";
				SWIFT_VERSION = 4.2;
				TARGETED_DEVICE_FAMILY = "1,2";
			};
			name = Release;
		};
		28530E1B220617A50078DC0B /* Debug */ = {
			isa = XCBuildConfiguration;
			buildSettings = {
				ALWAYS_EMBED_SWIFT_STANDARD_LIBRARIES = YES;
				BUNDLE_LOADER = "$(TEST_HOST)";
				CODE_SIGN_STYLE = Automatic;
				INFOPLIST_FILE = MoodePickerTests/Info.plist;
				LD_RUNPATH_SEARCH_PATHS = (
					"$(inherited)",
					"@executable_path/Frameworks",
					"@loader_path/Frameworks",
				);
				PRODUCT_BUNDLE_IDENTIFIER = AK.MoodePickerTests;
				PRODUCT_NAME = "$(TARGET_NAME)";
				SWIFT_VERSION = 4.2;
				TARGETED_DEVICE_FAMILY = "1,2";
				TEST_HOST = "$(BUILT_PRODUCTS_DIR)/MoodPicker.app/MoodPicker";
			};
			name = Debug;
		};
		28530E1C220617A50078DC0B /* Release */ = {
			isa = XCBuildConfiguration;
			buildSettings = {
				ALWAYS_EMBED_SWIFT_STANDARD_LIBRARIES = YES;
				BUNDLE_LOADER = "$(TEST_HOST)";
				CODE_SIGN_STYLE = Automatic;
				INFOPLIST_FILE = MoodePickerTests/Info.plist;
				LD_RUNPATH_SEARCH_PATHS = (
					"$(inherited)",
					"@executable_path/Frameworks",
					"@loader_path/Frameworks",
				);
				PRODUCT_BUNDLE_IDENTIFIER = AK.MoodePickerTests;
				PRODUCT_NAME = "$(TARGET_NAME)";
				SWIFT_VERSION = 4.2;
				TARGETED_DEVICE_FAMILY = "1,2";
				TEST_HOST = "$(BUILT_PRODUCTS_DIR)/MoodPicker.app/MoodPicker";
			};
			name = Release;
		};
/* End XCBuildConfiguration section */

/* Begin XCConfigurationList section */
		28530DF5220617A40078DC0B /* Build configuration list for PBXProject "MoodPicker" */ = {
			isa = XCConfigurationList;
			buildConfigurations = (
				28530E15220617A50078DC0B /* Debug */,
				28530E16220617A50078DC0B /* Release */,
			);
			defaultConfigurationIsVisible = 0;
			defaultConfigurationName = Release;
		};
		28530E17220617A50078DC0B /* Build configuration list for PBXNativeTarget "MoodPicker" */ = {
			isa = XCConfigurationList;
			buildConfigurations = (
				28530E18220617A50078DC0B /* Debug */,
				28530E19220617A50078DC0B /* Release */,
			);
			defaultConfigurationIsVisible = 0;
			defaultConfigurationName = Release;
		};
		28530E1A220617A50078DC0B /* Build configuration list for PBXNativeTarget "MoodPickerTests" */ = {
			isa = XCConfigurationList;
			buildConfigurations = (
				28530E1B220617A50078DC0B /* Debug */,
				28530E1C220617A50078DC0B /* Release */,
			);
			defaultConfigurationIsVisible = 0;
			defaultConfigurationName = Release;
		};
/* End XCConfigurationList section */
	};
	rootObject = 28530DF2220617A40078DC0B /* Project object */;
}
